// !$*UTF8*$!
{
	archiveVersion = 1;
	classes = {
	};
	objectVersion = 55;
	objects = {

/* Begin PBXBuildFile section */
		115D5F6027C7D75E0055350B /* AppDelegate.swift in Sources */ = {isa = PBXBuildFile; fileRef = 115D5F5F27C7D75E0055350B /* AppDelegate.swift */; };
		115D5F6227C7D75E0055350B /* SceneDelegate.swift in Sources */ = {isa = PBXBuildFile; fileRef = 115D5F6127C7D75E0055350B /* SceneDelegate.swift */; };
		115D5F6427C7D75E0055350B /* ViewController.swift in Sources */ = {isa = PBXBuildFile; fileRef = 115D5F6327C7D75E0055350B /* ViewController.swift */; };
		115D5F6727C7D75E0055350B /* Main.storyboard in Resources */ = {isa = PBXBuildFile; fileRef = 115D5F6527C7D75E0055350B /* Main.storyboard */; };
		115D5F6A27C7D75E0055350B /* last_Test.xcdatamodeld in Sources */ = {isa = PBXBuildFile; fileRef = 115D5F6827C7D75E0055350B /* last_Test.xcdatamodeld */; };
		115D5F6C27C7D75F0055350B /* Assets.xcassets in Resources */ = {isa = PBXBuildFile; fileRef = 115D5F6B27C7D75F0055350B /* Assets.xcassets */; };
		115D5F6F27C7D75F0055350B /* LaunchScreen.storyboard in Resources */ = {isa = PBXBuildFile; fileRef = 115D5F6D27C7D75F0055350B /* LaunchScreen.storyboard */; };
		115D5F7A27C7DB530055350B /* FirebaseAnalytics in Frameworks */ = {isa = PBXBuildFile; productRef = 115D5F7927C7DB530055350B /* FirebaseAnalytics */; };
		115D5F7C27C7DB530055350B /* FirebaseAnalyticsSwift-Beta in Frameworks */ = {isa = PBXBuildFile; productRef = 115D5F7B27C7DB530055350B /* FirebaseAnalyticsSwift-Beta */; };
		115D5F7E27C7DB530055350B /* FirebaseAnalyticsWithoutAdIdSupport in Frameworks */ = {isa = PBXBuildFile; productRef = 115D5F7D27C7DB530055350B /* FirebaseAnalyticsWithoutAdIdSupport */; };
		115D5F8027C7DB530055350B /* FirebaseDatabase in Frameworks */ = {isa = PBXBuildFile; productRef = 115D5F7F27C7DB530055350B /* FirebaseDatabase */; };
		115D5F8227C7DB530055350B /* FirebaseDatabaseSwift-Beta in Frameworks */ = {isa = PBXBuildFile; productRef = 115D5F8127C7DB530055350B /* FirebaseDatabaseSwift-Beta */; };
		115D5F8427C7DB530055350B /* FirebaseFirestore in Frameworks */ = {isa = PBXBuildFile; productRef = 115D5F8327C7DB530055350B /* FirebaseFirestore */; };
		115D5F8627C7DB530055350B /* FirebaseFirestoreCombine-Community in Frameworks */ = {isa = PBXBuildFile; productRef = 115D5F8527C7DB530055350B /* FirebaseFirestoreCombine-Community */; };
		115D5F8827C7DB530055350B /* FirebaseFirestoreSwift-Beta in Frameworks */ = {isa = PBXBuildFile; productRef = 115D5F8727C7DB530055350B /* FirebaseFirestoreSwift-Beta */; };
		115D5F8A27C7DB530055350B /* FirebaseStorage in Frameworks */ = {isa = PBXBuildFile; productRef = 115D5F8927C7DB530055350B /* FirebaseStorage */; };
		115D5F8C27C7DF7D0055350B /* GoogleService-Info.plist in Resources */ = {isa = PBXBuildFile; fileRef = 115D5F8B27C7DF7D0055350B /* GoogleService-Info.plist */; };
		116DDDF427C9318D00780507 /* ViewControllerTableView.swift in Sources */ = {isa = PBXBuildFile; fileRef = 116DDDF327C9318D00780507 /* ViewControllerTableView.swift */; };
		11E2FF9027D902D100999EC5 /* Movie Class.swift in Sources */ = {isa = PBXBuildFile; fileRef = 11E2FF8F27D902D100999EC5 /* Movie Class.swift */; };
/* End PBXBuildFile section */

/* Begin PBXFileReference section */
		115D5F5C27C7D75E0055350B /* last Test.app */ = {isa = PBXFileReference; explicitFileType = wrapper.application; includeInIndex = 0; path = "last Test.app"; sourceTree = BUILT_PRODUCTS_DIR; };
		115D5F5F27C7D75E0055350B /* AppDelegate.swift */ = {isa = PBXFileReference; lastKnownFileType = sourcecode.swift; path = AppDelegate.swift; sourceTree = "<group>"; };
		115D5F6127C7D75E0055350B /* SceneDelegate.swift */ = {isa = PBXFileReference; lastKnownFileType = sourcecode.swift; path = SceneDelegate.swift; sourceTree = "<group>"; };
		115D5F6327C7D75E0055350B /* ViewController.swift */ = {isa = PBXFileReference; lastKnownFileType = sourcecode.swift; path = ViewController.swift; sourceTree = "<group>"; };
		115D5F6627C7D75E0055350B /* Base */ = {isa = PBXFileReference; lastKnownFileType = file.storyboard; name = Base; path = Base.lproj/Main.storyboard; sourceTree = "<group>"; };
		115D5F6927C7D75E0055350B /* last_Test.xcdatamodel */ = {isa = PBXFileReference; lastKnownFileType = wrapper.xcdatamodel; path = last_Test.xcdatamodel; sourceTree = "<group>"; };
		115D5F6B27C7D75F0055350B /* Assets.xcassets */ = {isa = PBXFileReference; lastKnownFileType = folder.assetcatalog; path = Assets.xcassets; sourceTree = "<group>"; };
		115D5F6E27C7D75F0055350B /* Base */ = {isa = PBXFileReference; lastKnownFileType = file.storyboard; name = Base; path = Base.lproj/LaunchScreen.storyboard; sourceTree = "<group>"; };
		115D5F7027C7D75F0055350B /* Info.plist */ = {isa = PBXFileReference; lastKnownFileType = text.plist.xml; path = Info.plist; sourceTree = "<group>"; };
		115D5F8B27C7DF7D0055350B /* GoogleService-Info.plist */ = {isa = PBXFileReference; fileEncoding = 4; lastKnownFileType = text.plist.xml; path = "GoogleService-Info.plist"; sourceTree = "<group>"; };
		116DDDF327C9318D00780507 /* ViewControllerTableView.swift */ = {isa = PBXFileReference; lastKnownFileType = sourcecode.swift; path = ViewControllerTableView.swift; sourceTree = "<group>"; };
		11E2FF8F27D902D100999EC5 /* Movie Class.swift */ = {isa = PBXFileReference; lastKnownFileType = sourcecode.swift; path = "Movie Class.swift"; sourceTree = "<group>"; };
/* End PBXFileReference section */

/* Begin PBXFrameworksBuildPhase section */
		115D5F5927C7D75E0055350B /* Frameworks */ = {
			isa = PBXFrameworksBuildPhase;
			buildActionMask = 2147483647;
			files = (
				115D5F8227C7DB530055350B /* FirebaseDatabaseSwift-Beta in Frameworks */,
				115D5F7C27C7DB530055350B /* FirebaseAnalyticsSwift-Beta in Frameworks */,
				115D5F8A27C7DB530055350B /* FirebaseStorage in Frameworks */,
				115D5F7E27C7DB530055350B /* FirebaseAnalyticsWithoutAdIdSupport in Frameworks */,
				115D5F8027C7DB530055350B /* FirebaseDatabase in Frameworks */,
				115D5F7A27C7DB530055350B /* FirebaseAnalytics in Frameworks */,
				115D5F8827C7DB530055350B /* FirebaseFirestoreSwift-Beta in Frameworks */,
				115D5F8427C7DB530055350B /* FirebaseFirestore in Frameworks */,
				115D5F8627C7DB530055350B /* FirebaseFirestoreCombine-Community in Frameworks */,
			);
			runOnlyForDeploymentPostprocessing = 0;
		};
/* End PBXFrameworksBuildPhase section */

/* Begin PBXGroup section */
		115D5F5327C7D75E0055350B = {
			isa = PBXGroup;
			children = (
				115D5F5E27C7D75E0055350B /* last Test */,
				115D5F5D27C7D75E0055350B /* Products */,
			);
			sourceTree = "<group>";
		};
		115D5F5D27C7D75E0055350B /* Products */ = {
			isa = PBXGroup;
			children = (
				115D5F5C27C7D75E0055350B /* last Test.app */,
			);
			name = Products;
			sourceTree = "<group>";
		};
		115D5F5E27C7D75E0055350B /* last Test */ = {
			isa = PBXGroup;
			children = (
				115D5F5F27C7D75E0055350B /* AppDelegate.swift */,
				115D5F6127C7D75E0055350B /* SceneDelegate.swift */,
				115D5F6327C7D75E0055350B /* ViewController.swift */,
				115D5F6527C7D75E0055350B /* Main.storyboard */,
				11E2FF8F27D902D100999EC5 /* Movie Class.swift */,
				116DDDF327C9318D00780507 /* ViewControllerTableView.swift */,
				115D5F6B27C7D75F0055350B /* Assets.xcassets */,
				115D5F6D27C7D75F0055350B /* LaunchScreen.storyboard */,
				115D5F7027C7D75F0055350B /* Info.plist */,
				115D5F8B27C7DF7D0055350B /* GoogleService-Info.plist */,
				115D5F6827C7D75E0055350B /* last_Test.xcdatamodeld */,
			);
			path = "last Test";
			sourceTree = "<group>";
		};
/* End PBXGroup section */

/* Begin PBXNativeTarget section */
		115D5F5B27C7D75E0055350B /* last Test */ = {
			isa = PBXNativeTarget;
			buildConfigurationList = 115D5F7327C7D75F0055350B /* Build configuration list for PBXNativeTarget "last Test" */;
			buildPhases = (
				115D5F5827C7D75E0055350B /* Sources */,
				115D5F5927C7D75E0055350B /* Frameworks */,
				115D5F5A27C7D75E0055350B /* Resources */,
			);
			buildRules = (
			);
			dependencies = (
			);
			name = "last Test";
			packageProductDependencies = (
				115D5F7927C7DB530055350B /* FirebaseAnalytics */,
				115D5F7B27C7DB530055350B /* FirebaseAnalyticsSwift-Beta */,
				115D5F7D27C7DB530055350B /* FirebaseAnalyticsWithoutAdIdSupport */,
				115D5F7F27C7DB530055350B /* FirebaseDatabase */,
				115D5F8127C7DB530055350B /* FirebaseDatabaseSwift-Beta */,
				115D5F8327C7DB530055350B /* FirebaseFirestore */,
				115D5F8527C7DB530055350B /* FirebaseFirestoreCombine-Community */,
				115D5F8727C7DB530055350B /* FirebaseFirestoreSwift-Beta */,
				115D5F8927C7DB530055350B /* FirebaseStorage */,
			);
			productName = "last Test";
			productReference = 115D5F5C27C7D75E0055350B /* last Test.app */;
			productType = "com.apple.product-type.application";
		};
/* End PBXNativeTarget section */

/* Begin PBXProject section */
		115D5F5427C7D75E0055350B /* Project object */ = {
			isa = PBXProject;
			attributes = {
				BuildIndependentTargetsInParallel = 1;
				LastSwiftUpdateCheck = 1300;
				LastUpgradeCheck = 1300;
				TargetAttributes = {
					115D5F5B27C7D75E0055350B = {
						CreatedOnToolsVersion = 13.0;
					};
				};
			};
			buildConfigurationList = 115D5F5727C7D75E0055350B /* Build configuration list for PBXProject "last Test" */;
			compatibilityVersion = "Xcode 13.0";
			developmentRegion = en;
			hasScannedForEncodings = 0;
			knownRegions = (
				en,
				Base,
			);
			mainGroup = 115D5F5327C7D75E0055350B;
			packageReferences = (
				115D5F7827C7DB530055350B /* XCRemoteSwiftPackageReference "firebase-ios-sdk" */,
			);
			productRefGroup = 115D5F5D27C7D75E0055350B /* Products */;
			projectDirPath = "";
			projectRoot = "";
			targets = (
				115D5F5B27C7D75E0055350B /* last Test */,
			);
		};
/* End PBXProject section */

/* Begin PBXResourcesBuildPhase section */
		115D5F5A27C7D75E0055350B /* Resources */ = {
			isa = PBXResourcesBuildPhase;
			buildActionMask = 2147483647;
			files = (
				115D5F6F27C7D75F0055350B /* LaunchScreen.storyboard in Resources */,
				115D5F8C27C7DF7D0055350B /* GoogleService-Info.plist in Resources */,
				115D5F6C27C7D75F0055350B /* Assets.xcassets in Resources */,
				115D5F6727C7D75E0055350B /* Main.storyboard in Resources */,
			);
			runOnlyForDeploymentPostprocessing = 0;
		};
/* End PBXResourcesBuildPhase section */

/* Begin PBXSourcesBuildPhase section */
		115D5F5827C7D75E0055350B /* Sources */ = {
			isa = PBXSourcesBuildPhase;
			buildActionMask = 2147483647;
			files = (
				116DDDF427C9318D00780507 /* ViewControllerTableView.swift in Sources */,
				115D5F6427C7D75E0055350B /* ViewController.swift in Sources */,
				11E2FF9027D902D100999EC5 /* Movie Class.swift in Sources */,
				115D5F6A27C7D75E0055350B /* last_Test.xcdatamodeld in Sources */,
				115D5F6027C7D75E0055350B /* AppDelegate.swift in Sources */,
				115D5F6227C7D75E0055350B /* SceneDelegate.swift in Sources */,
			);
			runOnlyForDeploymentPostprocessing = 0;
		};
/* End PBXSourcesBuildPhase section */

/* Begin PBXVariantGroup section */
		115D5F6527C7D75E0055350B /* Main.storyboard */ = {
			isa = PBXVariantGroup;
			children = (
				115D5F6627C7D75E0055350B /* Base */,
			);
			name = Main.storyboard;
			sourceTree = "<group>";
		};
		115D5F6D27C7D75F0055350B /* LaunchScreen.storyboard */ = {
			isa = PBXVariantGroup;
			children = (
				115D5F6E27C7D75F0055350B /* Base */,
			);
			name = LaunchScreen.storyboard;
			sourceTree = "<group>";
		};
/* End PBXVariantGroup section */

/* Begin XCBuildConfiguration section */
		115D5F7127C7D75F0055350B /* Debug */ = {
			isa = XCBuildConfiguration;
			buildSettings = {
				ALWAYS_SEARCH_USER_PATHS = NO;
				CLANG_ANALYZER_NONNULL = YES;
				CLANG_ANALYZER_NUMBER_OBJECT_CONVERSION = YES_AGGRESSIVE;
				CLANG_CXX_LANGUAGE_STANDARD = "gnu++17";
				CLANG_CXX_LIBRARY = "libc++";
				CLANG_ENABLE_MODULES = YES;
				CLANG_ENABLE_OBJC_ARC = YES;
				CLANG_ENABLE_OBJC_WEAK = YES;
				CLANG_WARN_BLOCK_CAPTURE_AUTORELEASING = YES;
				CLANG_WARN_BOOL_CONVERSION = YES;
				CLANG_WARN_COMMA = YES;
				CLANG_WARN_CONSTANT_CONVERSION = YES;
				CLANG_WARN_DEPRECATED_OBJC_IMPLEMENTATIONS = YES;
				CLANG_WARN_DIRECT_OBJC_ISA_USAGE = YES_ERROR;
				CLANG_WARN_DOCUMENTATION_COMMENTS = YES;
				CLANG_WARN_EMPTY_BODY = YES;
				CLANG_WARN_ENUM_CONVERSION = YES;
				CLANG_WARN_INFINITE_RECURSION = YES;
				CLANG_WARN_INT_CONVERSION = YES;
				CLANG_WARN_NON_LITERAL_NULL_CONVERSION = YES;
				CLANG_WARN_OBJC_IMPLICIT_RETAIN_SELF = YES;
				CLANG_WARN_OBJC_LITERAL_CONVERSION = YES;
				CLANG_WARN_OBJC_ROOT_CLASS = YES_ERROR;
				CLANG_WARN_QUOTED_INCLUDE_IN_FRAMEWORK_HEADER = YES;
				CLANG_WARN_RANGE_LOOP_ANALYSIS = YES;
				CLANG_WARN_STRICT_PROTOTYPES = YES;
				CLANG_WARN_SUSPICIOUS_MOVE = YES;
				CLANG_WARN_UNGUARDED_AVAILABILITY = YES_AGGRESSIVE;
				CLANG_WARN_UNREACHABLE_CODE = YES;
				CLANG_WARN__DUPLICATE_METHOD_MATCH = YES;
				COPY_PHASE_STRIP = NO;
				DEBUG_INFORMATION_FORMAT = dwarf;
				ENABLE_STRICT_OBJC_MSGSEND = YES;
				ENABLE_TESTABILITY = YES;
				GCC_C_LANGUAGE_STANDARD = gnu11;
				GCC_DYNAMIC_NO_PIC = NO;
				GCC_NO_COMMON_BLOCKS = YES;
				GCC_OPTIMIZATION_LEVEL = 0;
				GCC_PREPROCESSOR_DEFINITIONS = (
					"DEBUG=1",
					"$(inherited)",
				);
				GCC_WARN_64_TO_32_BIT_CONVERSION = YES;
				GCC_WARN_ABOUT_RETURN_TYPE = YES_ERROR;
				GCC_WARN_UNDECLARED_SELECTOR = YES;
				GCC_WARN_UNINITIALIZED_AUTOS = YES_AGGRESSIVE;
				GCC_WARN_UNUSED_FUNCTION = YES;
				GCC_WARN_UNUSED_VARIABLE = YES;
				IPHONEOS_DEPLOYMENT_TARGET = 15.0;
				MTL_ENABLE_DEBUG_INFO = INCLUDE_SOURCE;
				MTL_FAST_MATH = YES;
				ONLY_ACTIVE_ARCH = YES;
				SDKROOT = iphoneos;
				SWIFT_ACTIVE_COMPILATION_CONDITIONS = DEBUG;
				SWIFT_OPTIMIZATION_LEVEL = "-Onone";
			};
			name = Debug;
		};
		115D5F7227C7D75F0055350B /* Release */ = {
			isa = XCBuildConfiguration;
			buildSettings = {
				ALWAYS_SEARCH_USER_PATHS = NO;
				CLANG_ANALYZER_NONNULL = YES;
				CLANG_ANALYZER_NUMBER_OBJECT_CONVERSION = YES_AGGRESSIVE;
				CLANG_CXX_LANGUAGE_STANDARD = "gnu++17";
				CLANG_CXX_LIBRARY = "libc++";
				CLANG_ENABLE_MODULES = YES;
				CLANG_ENABLE_OBJC_ARC = YES;
				CLANG_ENABLE_OBJC_WEAK = YES;
				CLANG_WARN_BLOCK_CAPTURE_AUTORELEASING = YES;
				CLANG_WARN_BOOL_CONVERSION = YES;
				CLANG_WARN_COMMA = YES;
				CLANG_WARN_CONSTANT_CONVERSION = YES;
				CLANG_WARN_DEPRECATED_OBJC_IMPLEMENTATIONS = YES;
				CLANG_WARN_DIRECT_OBJC_ISA_USAGE = YES_ERROR;
				CLANG_WARN_DOCUMENTATION_COMMENTS = YES;
				CLANG_WARN_EMPTY_BODY = YES;
				CLANG_WARN_ENUM_CONVERSION = YES;
				CLANG_WARN_INFINITE_RECURSION = YES;
				CLANG_WARN_INT_CONVERSION = YES;
				CLANG_WARN_NON_LITERAL_NULL_CONVERSION = YES;
				CLANG_WARN_OBJC_IMPLICIT_RETAIN_SELF = YES;
				CLANG_WARN_OBJC_LITERAL_CONVERSION = YES;
				CLANG_WARN_OBJC_ROOT_CLASS = YES_ERROR;
				CLANG_WARN_QUOTED_INCLUDE_IN_FRAMEWORK_HEADER = YES;
				CLANG_WARN_RANGE_LOOP_ANALYSIS = YES;
				CLANG_WARN_STRICT_PROTOTYPES = YES;
				CLANG_WARN_SUSPICIOUS_MOVE = YES;
				CLANG_WARN_UNGUARDED_AVAILABILITY = YES_AGGRESSIVE;
				CLANG_WARN_UNREACHABLE_CODE = YES;
				CLANG_WARN__DUPLICATE_METHOD_MATCH = YES;
				COPY_PHASE_STRIP = NO;
				DEBUG_INFORMATION_FORMAT = "dwarf-with-dsym";
				ENABLE_NS_ASSERTIONS = NO;
				ENABLE_STRICT_OBJC_MSGSEND = YES;
				GCC_C_LANGUAGE_STANDARD = gnu11;
				GCC_NO_COMMON_BLOCKS = YES;
				GCC_WARN_64_TO_32_BIT_CONVERSION = YES;
				GCC_WARN_ABOUT_RETURN_TYPE = YES_ERROR;
				GCC_WARN_UNDECLARED_SELECTOR = YES;
				GCC_WARN_UNINITIALIZED_AUTOS = YES_AGGRESSIVE;
				GCC_WARN_UNUSED_FUNCTION = YES;
				GCC_WARN_UNUSED_VARIABLE = YES;
				IPHONEOS_DEPLOYMENT_TARGET = 15.0;
				MTL_ENABLE_DEBUG_INFO = NO;
				MTL_FAST_MATH = YES;
				SDKROOT = iphoneos;
				SWIFT_COMPILATION_MODE = wholemodule;
				SWIFT_OPTIMIZATION_LEVEL = "-O";
				VALIDATE_PRODUCT = YES;
			};
			name = Release;
		};
		115D5F7427C7D75F0055350B /* Debug */ = {
			isa = XCBuildConfiguration;
			buildSettings = {
				ASSETCATALOG_COMPILER_APPICON_NAME = AppIcon;
				ASSETCATALOG_COMPILER_GLOBAL_ACCENT_COLOR_NAME = AccentColor;
				CODE_SIGN_STYLE = Automatic;
				CURRENT_PROJECT_VERSION = 1;
				DEVELOPMENT_TEAM = XFUR3T8U8Y;
				GENERATE_INFOPLIST_FILE = YES;
				INFOPLIST_FILE = "last Test/Info.plist";
				INFOPLIST_KEY_UIApplicationSupportsIndirectInputEvents = YES;
				INFOPLIST_KEY_UILaunchStoryboardName = LaunchScreen;
				INFOPLIST_KEY_UIMainStoryboardFile = Main;
				INFOPLIST_KEY_UISupportedInterfaceOrientations_iPad = "UIInterfaceOrientationPortrait UIInterfaceOrientationPortraitUpsideDown UIInterfaceOrientationLandscapeLeft UIInterfaceOrientationLandscapeRight";
				INFOPLIST_KEY_UISupportedInterfaceOrientations_iPhone = "UIInterfaceOrientationPortrait UIInterfaceOrientationLandscapeLeft UIInterfaceOrientationLandscapeRight";
				LD_RUNPATH_SEARCH_PATHS = (
					"$(inherited)",
					"@executable_path/Frameworks",
				);
				MARKETING_VERSION = 1.0;
				PRODUCT_BUNDLE_IDENTIFIER = "clc.last-Test";
				PRODUCT_NAME = "$(TARGET_NAME)";
				SWIFT_EMIT_LOC_STRINGS = YES;
				SWIFT_VERSION = 5.0;
				TARGETED_DEVICE_FAMILY = "1,2";
			};
			name = Debug;
		};
		115D5F7527C7D75F0055350B /* Release */ = {
			isa = XCBuildConfiguration;
			buildSettings = {
				ASSETCATALOG_COMPILER_APPICON_NAME = AppIcon;
				ASSETCATALOG_COMPILER_GLOBAL_ACCENT_COLOR_NAME = AccentColor;
				CODE_SIGN_STYLE = Automatic;
				CURRENT_PROJECT_VERSION = 1;
				DEVELOPMENT_TEAM = XFUR3T8U8Y;
				GENERATE_INFOPLIST_FILE = YES;
				INFOPLIST_FILE = "last Test/Info.plist";
				INFOPLIST_KEY_UIApplicationSupportsIndirectInputEvents = YES;
				INFOPLIST_KEY_UILaunchStoryboardName = LaunchScreen;
				INFOPLIST_KEY_UIMainStoryboardFile = Main;
				INFOPLIST_KEY_UISupportedInterfaceOrientations_iPad = "UIInterfaceOrientationPortrait UIInterfaceOrientationPortraitUpsideDown UIInterfaceOrientationLandscapeLeft UIInterfaceOrientationLandscapeRight";
				INFOPLIST_KEY_UISupportedInterfaceOrientations_iPhone = "UIInterfaceOrientationPortrait UIInterfaceOrientationLandscapeLeft UIInterfaceOrientationLandscapeRight";
				LD_RUNPATH_SEARCH_PATHS = (
					"$(inherited)",
					"@executable_path/Frameworks",
				);
				MARKETING_VERSION = 1.0;
				PRODUCT_BUNDLE_IDENTIFIER = "clc.last-Test";
				PRODUCT_NAME = "$(TARGET_NAME)";
				SWIFT_EMIT_LOC_STRINGS = YES;
				SWIFT_VERSION = 5.0;
				TARGETED_DEVICE_FAMILY = "1,2";
			};
			name = Release;
		};
/* End XCBuildConfiguration section */

/* Begin XCConfigurationList section */
		115D5F5727C7D75E0055350B /* Build configuration list for PBXProject "last Test" */ = {
			isa = XCConfigurationList;
			buildConfigurations = (
				115D5F7127C7D75F0055350B /* Debug */,
				115D5F7227C7D75F0055350B /* Release */,
			);
			defaultConfigurationIsVisible = 0;
			defaultConfigurationName = Release;
		};
		115D5F7327C7D75F0055350B /* Build configuration list for PBXNativeTarget "last Test" */ = {
			isa = XCConfigurationList;
			buildConfigurations = (
				115D5F7427C7D75F0055350B /* Debug */,
				115D5F7527C7D75F0055350B /* Release */,
			);
			defaultConfigurationIsVisible = 0;
			defaultConfigurationName = Release;
		};
/* End XCConfigurationList section */

/* Begin XCRemoteSwiftPackageReference section */
		115D5F7827C7DB530055350B /* XCRemoteSwiftPackageReference "firebase-ios-sdk" */ = {
			isa = XCRemoteSwiftPackageReference;
			repositoryURL = "https://github.com/firebase/firebase-ios-sdk";
			requirement = {
				kind = upToNextMajorVersion;
				minimumVersion = 8.0.0;
			};
		};
/* End XCRemoteSwiftPackageReference section */

/* Begin XCSwiftPackageProductDependency section */
		115D5F7927C7DB530055350B /* FirebaseAnalytics */ = {
			isa = XCSwiftPackageProductDependency;
			package = 115D5F7827C7DB530055350B /* XCRemoteSwiftPackageReference "firebase-ios-sdk" */;
			productName = FirebaseAnalytics;
		};
		115D5F7B27C7DB530055350B /* FirebaseAnalyticsSwift-Beta */ = {
			isa = XCSwiftPackageProductDependency;
			package = 115D5F7827C7DB530055350B /* XCRemoteSwiftPackageReference "firebase-ios-sdk" */;
			productName = "FirebaseAnalyticsSwift-Beta";
		};
		115D5F7D27C7DB530055350B /* FirebaseAnalyticsWithoutAdIdSupport */ = {
			isa = XCSwiftPackageProductDependency;
			package = 115D5F7827C7DB530055350B /* XCRemoteSwiftPackageReference "firebase-ios-sdk" */;
			productName = FirebaseAnalyticsWithoutAdIdSupport;
		};
		115D5F7F27C7DB530055350B /* FirebaseDatabase */ = {
			isa = XCSwiftPackageProductDependency;
			package = 115D5F7827C7DB530055350B /* XCRemoteSwiftPackageReference "firebase-ios-sdk" */;
			productName = FirebaseDatabase;
		};
		115D5F8127C7DB530055350B /* FirebaseDatabaseSwift-Beta */ = {
			isa = XCSwiftPackageProductDependency;
			package = 115D5F7827C7DB530055350B /* XCRemoteSwiftPackageReference "firebase-ios-sdk" */;
			productName = "FirebaseDatabaseSwift-Beta";
		};
		115D5F8327C7DB530055350B /* FirebaseFirestore */ = {
			isa = XCSwiftPackageProductDependency;
			package = 115D5F7827C7DB530055350B /* XCRemoteSwiftPackageReference "firebase-ios-sdk" */;
			productName = FirebaseFirestore;
		};
		115D5F8527C7DB530055350B /* FirebaseFirestoreCombine-Community */ = {
			isa = XCSwiftPackageProductDependency;
			package = 115D5F7827C7DB530055350B /* XCRemoteSwiftPackageReference "firebase-ios-sdk" */;
			productName = "FirebaseFirestoreCombine-Community";
		};
		115D5F8727C7DB530055350B /* FirebaseFirestoreSwift-Beta */ = {
			isa = XCSwiftPackageProductDependency;
			package = 115D5F7827C7DB530055350B /* XCRemoteSwiftPackageReference "firebase-ios-sdk" */;
			productName = "FirebaseFirestoreSwift-Beta";
		};
		115D5F8927C7DB530055350B /* FirebaseStorage */ = {
			isa = XCSwiftPackageProductDependency;
			package = 115D5F7827C7DB530055350B /* XCRemoteSwiftPackageReference "firebase-ios-sdk" */;
			productName = FirebaseStorage;
		};
/* End XCSwiftPackageProductDependency section */

/* Begin XCVersionGroup section */
		115D5F6827C7D75E0055350B /* last_Test.xcdatamodeld */ = {
			isa = XCVersionGroup;
			children = (
				115D5F6927C7D75E0055350B /* last_Test.xcdatamodel */,
			);
			currentVersion = 115D5F6927C7D75E0055350B /* last_Test.xcdatamodel */;
			path = last_Test.xcdatamodeld;
			sourceTree = "<group>";
			versionGroupType = wrapper.xcdatamodel;
		};
/* End XCVersionGroup section */
	};
	rootObject = 115D5F5427C7D75E0055350B /* Project object */;
}
